PODS:
  - FlutterMacOS (1.0.0)
  - lightning_db_dart (0.1.0):
    - FlutterMacOS

DEPENDENCIES:
  - FlutterMacOS (from `Flutter/ephemeral`)
  - lightning_db_dart (from `Flutter/ephemeral/.symlinks/plugins/lightning_db_dart/macos`)

EXTERNAL SOURCES:
  FlutterMacOS:
    :path: Flutter/ephemeral
  lightning_db_dart:
    :path: Flutter/ephemeral/.symlinks/plugins/lightning_db_dart/macos

SPEC CHECKSUMS:
  FlutterMacOS: 8f6f14fa908a6fb3fba0cd85dbd81ec4b251fb24
  lightning_db_dart: 2114d68ae9446c26e4778ce48a225f3492ae73c2

PODFILE CHECKSUM: 7eb978b976557c8c1cd717d8185ec483fd090a82

COCOAPODS: 1.16.2
